
Microsoft Visual Studio Solution File, Format Version 12.00
# Visual Studio 15
VisualStudioVersion = 15.0.27130.2027
MinimumVisualStudioVersion = 10.0.40219.1
Project("{FAE04EC0-301F-11D3-BF4B-00C04F79EFBC}") = "DK4Q", "DasKeyboardController2\DK4Q.csproj", "{A5AD1861-0738-4CB2-82B5-73EE396D98B1}"
EndProject
Global
	GlobalSection(SolutionConfigurationPlatforms) = preSolution
		Debug|Any CPU = Debug|Any CPU
		Debug|x86 = Debug|x86
		Release|Any CPU = Release|Any CPU
		Release|x86 = Release|x86
	EndGlobalSection
	GlobalSection(ProjectConfigurationPlatforms) = postSolution
		{A5AD1861-0738-4CB2-82B5-73EE396D98B1}.Debug|Any CPU.ActiveCfg = Debug|Any CPU
		{A5AD1861-0738-4CB2-82B5-73EE396D98B1}.Debug|Any CPU.Build.0 = Debug|Any CPU
		{A5AD1861-0738-4CB2-82B5-73EE396D98B1}.Debug|x86.ActiveCfg = Debug|Any CPU
		{A5AD1861-0738-4CB2-82B5-73EE396D98B1}.Debug|x86.Build.0 = Debug|Any CPU
		{A5AD1861-0738-4CB2-82B5-73EE396D98B1}.Release|Any CPU.ActiveCfg = Release|Any CPU
		{A5AD1861-0738-4CB2-82B5-73EE396D98B1}.Release|Any CPU.Build.0 = Release|Any CPU
		{A5AD1861-0738-4CB2-82B5-73EE396D98B1}.Release|x86.ActiveCfg = Release|Any CPU
		{A5AD1861-0738-4CB2-82B5-73EE396D98B1}.Release|x86.Build.0 = Release|Any CPU
	EndGlobalSection
	GlobalSection(SolutionProperties) = preSolution
		HideSolutionNode = FALSE
	EndGlobalSection
	GlobalSection(ExtensibilityGlobals) = postSolution
		SolutionGuid = {B8E3E8DC-85D7-46AF-BE2E-323D5CAE476B}
	EndGlobalSection
EndGlobal
